
Microsoft Visual Studio Solution File, Format Version 12.00
# Visual Studio Version 17
VisualStudioVersion = 17.7.34202.233
MinimumVisualStudioVersion = 10.0.40219.1
Project("{FAE04EC0-301F-11D3-BF4B-00C04F79EFBC}") = "PWNunit", "PWNunit\PWNunit.csproj", "{C9C3FFCB-258B-4292-98CE-F1647AF1D2FE}"
EndProject
Global
	GlobalSection(SolutionConfigurationPlatforms) = preSolution
		Debug|Any CPU = Debug|Any CPU
		Release|Any CPU = Release|Any CPU
	EndGlobalSection
	GlobalSection(ProjectConfigurationPlatforms) = postSolution
		{C9C3FFCB-258B-4292-98CE-F1647AF1D2FE}.Debug|Any CPU.ActiveCfg = Debug|Any CPU
		{C9C3FFCB-258B-4292-98CE-F1647AF1D2FE}.Debug|Any CPU.Build.0 = Debug|Any CPU
		{C9C3FFCB-258B-4292-98CE-F1647AF1D2FE}.Release|Any CPU.ActiveCfg = Release|Any CPU
		{C9C3FFCB-258B-4292-98CE-F1647AF1D2FE}.Release|Any CPU.Build.0 = Release|Any CPU
	EndGlobalSection
	GlobalSection(SolutionProperties) = preSolution
		HideSolutionNode = FALSE
	EndGlobalSection
	GlobalSection(ExtensibilityGlobals) = postSolution
		SolutionGuid = {830CD85C-0EBE-402B-AC3D-4E5E0C739240}
	EndGlobalSection
EndGlobal
